{
  "name": "nodo-todo",
  "version": "1.0.0",
  "lockfileVersion": 1,
  "requires": true,
  "dependencies": {
    "@types/node": {
      "version": "17.0.42",
      "resolved": "https://artifactory.asurint.net:443/artifactory/api/npm/npm/@types/node/-/node-17.0.42.tgz",
      "integrity": "sha1-1+jyJwDvyU0SUQMHXAdDlrX0H5s=",
      "dev": true
    },
    "@types/webidl-conversions": {
      "version": "6.1.1",
      "resolved": "https://artifactory.asurint.net:443/artifactory/api/npm/npm/@types/webidl-conversions/-/webidl-conversions-6.1.1.tgz",
      "integrity": "sha1-4zvI6oEqAfY/kEgcZmM0hEsSoJ4=",
      "dev": true
    },
    "@types/whatwg-url": {
      "version": "8.2.1",
      "resolved": "https://artifactory.asurint.net:443/artifactory/api/npm/npm/@types/whatwg-url/-/whatwg-url-8.2.1.tgz",
      "integrity": "sha1-8arCItq3xZ4BFmOgywoxF7LvBdQ=",
      "dev": true,
      "requires": {
        "@types/node": "*",
        "@types/webidl-conversions": "*"
      }
    },
    "accepts": {
      "version": "1.3.8",
      "resolved": "https://artifactory.asurint.net:443/artifactory/api/npm/npm/accepts/-/accepts-1.3.8.tgz",
      "integrity": "sha1-C/C+EltnAUrcsLCSHmLbe//hay4=",
      "dev": true,
      "requires": {
        "mime-types": "~2.1.34",
        "negotiator": "0.6.3"
      }
    },
    "ansi-styles": {
      "version": "4.3.0",
      "resolved": "https://artifactory.asurint.net:443/artifactory/api/npm/npm/ansi-styles/-/ansi-styles-4.3.0.tgz",
      "integrity": "sha1-7dgDYornHATIWuegkG7a00tkiTc=",
      "dev": true,
      "requires": {
        "color-convert": "^2.0.1"
      }
    },
    "array-flatten": {
      "version": "1.1.1",
      "resolved": "https://artifactory.asurint.net:443/artifactory/api/npm/npm/array-flatten/-/array-flatten-1.1.1.tgz",
      "integrity": "sha1-ml9pkFGx5wczKPKgCJaLZOopVdI=",
      "dev": true
    },
    "async": {
      "version": "3.2.4",
      "resolved": "https://artifactory.asurint.net:443/artifactory/api/npm/npm/async/-/async-3.2.4.tgz",
      "integrity": "sha1-LSLgD4zd61/eXdM1IrVtHPVpqBw=",
      "dev": true
    },
    "balanced-match": {
      "version": "1.0.2",
      "resolved": "https://artifactory.asurint.net:443/artifactory/api/npm/npm/balanced-match/-/balanced-match-1.0.2.tgz",
      "integrity": "sha1-6D46fj8wCzTLnYf2FfoMvzV2kO4=",
      "dev": true
    },
    "base64-js": {
      "version": "1.5.1",
      "resolved": "https://artifactory.asurint.net:443/artifactory/api/npm/npm/base64-js/-/base64-js-1.5.1.tgz",
      "integrity": "sha1-GxtEAWClv3rUC2UPCVljSBkDkwo=",
      "dev": true
    },
    "body-parser": {
      "version": "1.20.0",
      "resolved": "https://artifactory.asurint.net:443/artifactory/api/npm/npm/body-parser/-/body-parser-1.20.0.tgz",
      "integrity": "sha1-Peab2JARwRVz17/uamTxG2vSfMU=",
      "dev": true,
      "requires": {
        "bytes": "3.1.2",
        "content-type": "~1.0.4",
        "debug": "2.6.9",
        "depd": "2.0.0",
        "destroy": "1.2.0",
        "http-errors": "2.0.0",
        "iconv-lite": "0.4.24",
        "on-finished": "2.4.1",
        "qs": "6.10.3",
        "raw-body": "2.5.1",
        "type-is": "~1.6.18",
        "unpipe": "1.0.0"
      }
    },
    "brace-expansion": {
      "version": "2.0.1",
      "resolved": "https://artifactory.asurint.net:443/artifactory/api/npm/npm/brace-expansion/-/brace-expansion-2.0.1.tgz",
      "integrity": "sha1-HtxFng8MVISG7Pn8mfIiE2S5oK4=",
      "dev": true,
      "requires": {
        "balanced-match": "^1.0.0"
      }
    },
    "bson": {
      "version": "4.6.4",
      "resolved": "https://artifactory.asurint.net:443/artifactory/api/npm/npm/bson/-/bson-4.6.4.tgz",
      "integrity": "sha1-5m1KM08asjDfz7nsTqkJFHbdNy4=",
      "dev": true,
      "requires": {
        "buffer": "^5.6.0"
      }
    },
    "buffer": {
      "version": "5.7.1",
      "resolved": "https://artifactory.asurint.net:443/artifactory/api/npm/npm/buffer/-/buffer-5.7.1.tgz",
      "integrity": "sha1-umLnwTEzBTWCGXFghRqPZI6Z7tA=",
      "dev": true,
      "requires": {
        "base64-js": "^1.3.1",
        "ieee754": "^1.1.13"
      }
    },
    "bytes": {
      "version": "3.1.2",
      "resolved": "https://artifactory.asurint.net:443/artifactory/api/npm/npm/bytes/-/bytes-3.1.2.tgz",
      "integrity": "sha1-iwvuuYYFrfGxKPpDhkA8AJ4CIaU=",
      "dev": true
    },
    "call-bind": {
      "version": "1.0.2",
      "resolved": "https://artifactory.asurint.net:443/artifactory/api/npm/npm/call-bind/-/call-bind-1.0.2.tgz",
      "integrity": "sha1-sdTonmiBGcPJqQOtMKuy9qkZvjw=",
      "dev": true,
      "requires": {
        "function-bind": "^1.1.1",
        "get-intrinsic": "^1.0.2"
      }
    },
    "chalk": {
      "version": "4.1.2",
      "resolved": "https://artifactory.asurint.net:443/artifactory/api/npm/npm/chalk/-/chalk-4.1.2.tgz",
      "integrity": "sha1-qsTit3NKdAhnrrFr8CqtVWoeegE=",
      "dev": true,
      "requires": {
        "ansi-styles": "^4.1.0",
        "supports-color": "^7.1.0"
      }
    },
    "color-convert": {
      "version": "2.0.1",
      "resolved": "https://artifactory.asurint.net:443/artifactory/api/npm/npm/color-convert/-/color-convert-2.0.1.tgz",
      "integrity": "sha1-ctOmjVmMm9s68q0ehPIdiWq9TeM=",
      "dev": true,
      "requires": {
        "color-name": "~1.1.4"
      }
    },
    "color-name": {
      "version": "1.1.4",
      "resolved": "https://artifactory.asurint.net:443/artifactory/api/npm/npm/color-name/-/color-name-1.1.4.tgz",
      "integrity": "sha1-wqCah6y95pVD3m9j+jmVyCbFNqI=",
      "dev": true
    },
    "concat-map": {
      "version": "0.0.1",
      "resolved": "https://artifactory.asurint.net:443/artifactory/api/npm/npm/concat-map/-/concat-map-0.0.1.tgz",
      "integrity": "sha1-2Klr13/Wjfd5OnMDajug1UBdR3s=",
      "dev": true
    },
    "content-disposition": {
      "version": "0.5.4",
      "resolved": "https://artifactory.asurint.net:443/artifactory/api/npm/npm/content-disposition/-/content-disposition-0.5.4.tgz",
      "integrity": "sha1-i4K076yCUSoCuwsdzsnSxejrW/4=",
      "dev": true,
      "requires": {
        "safe-buffer": "5.2.1"
      }
    },
    "content-type": {
      "version": "1.0.4",
      "resolved": "https://artifactory.asurint.net:443/artifactory/api/npm/npm/content-type/-/content-type-1.0.4.tgz",
      "integrity": "sha1-4TjMdeBAxyexlm/l5fjJruJW/js=",
      "dev": true
    },
    "cookie": {
      "version": "0.5.0",
      "resolved": "https://artifactory.asurint.net:443/artifactory/api/npm/npm/cookie/-/cookie-0.5.0.tgz",
      "integrity": "sha1-0fXXGt7GVYxY84mYfDZqpH6ZT4s=",
      "dev": true
    },
    "cookie-signature": {
      "version": "1.0.6",
      "resolved": "https://artifactory.asurint.net:443/artifactory/api/npm/npm/cookie-signature/-/cookie-signature-1.0.6.tgz",
      "integrity": "sha1-4wOogrNCzD7oylE6eZmXNNqzriw=",
      "dev": true
    },
    "debug": {
      "version": "2.6.9",
      "resolved": "https://artifactory.asurint.net:443/artifactory/api/npm/npm/debug/-/debug-2.6.9.tgz",
      "integrity": "sha1-XRKFFd8TT/Mn6QpMk/Tgd6U2NB8=",
      "dev": true,
      "requires": {
        "ms": "2.0.0"
      }
    },
    "denque": {
      "version": "2.0.1",
      "resolved": "https://artifactory.asurint.net:443/artifactory/api/npm/npm/denque/-/denque-2.0.1.tgz",
      "integrity": "sha1-vO9MG4DcMu/pdRV0TyGkIpq4k0o=",
      "dev": true
    },
    "depd": {
      "version": "2.0.0",
      "resolved": "https://artifactory.asurint.net:443/artifactory/api/npm/npm/depd/-/depd-2.0.0.tgz",
      "integrity": "sha1-tpYWPMdXVg0JzyLMj60Vcbeedt8=",
      "dev": true
    },
    "destroy": {
      "version": "1.2.0",
      "resolved": "https://artifactory.asurint.net:443/artifactory/api/npm/npm/destroy/-/destroy-1.2.0.tgz",
      "integrity": "sha1-SANzVQmti+VSk0xn32FPlOZvoBU=",
      "dev": true
    },
    "ee-first": {
      "version": "1.1.1",
      "resolved": "https://artifactory.asurint.net:443/artifactory/api/npm/npm/ee-first/-/ee-first-1.1.1.tgz",
      "integrity": "sha1-WQxhFWsK4vTwJVcyoViyZrxWsh0=",
      "dev": true
    },
    "ejs": {
      "version": "3.1.8",
      "resolved": "https://artifactory.asurint.net:443/artifactory/api/npm/npm/ejs/-/ejs-3.1.8.tgz",
      "integrity": "sha1-dY0ykQx4BHWFx+8fkvnuBBwcGQs=",
      "dev": true,
      "requires": {
        "jake": "^10.8.5"
      }
    },
    "encodeurl": {
      "version": "1.0.2",
      "resolved": "https://artifactory.asurint.net:443/artifactory/api/npm/npm/encodeurl/-/encodeurl-1.0.2.tgz",
      "integrity": "sha1-rT/0yG7C0CkyL1oCw6mmBslbP1k=",
      "dev": true
    },
    "escape-html": {
      "version": "1.0.3",
      "resolved": "https://artifactory.asurint.net:443/artifactory/api/npm/npm/escape-html/-/escape-html-1.0.3.tgz",
      "integrity": "sha1-Aljq5NPQwJdN4cFpGI7wBR0dGYg=",
      "dev": true
    },
    "etag": {
      "version": "1.8.1",
      "resolved": "https://artifactory.asurint.net:443/artifactory/api/npm/npm/etag/-/etag-1.8.1.tgz",
      "integrity": "sha1-Qa4u62XvpiJorr/qg6x9eSmbCIc=",
      "dev": true
    },
    "express": {
      "version": "4.18.1",
      "resolved": "https://artifactory.asurint.net:443/artifactory/api/npm/npm/express/-/express-4.18.1.tgz",
      "integrity": "sha1-d5fei5xyyFe5zQ4Upe6oBmYmfK8=",
      "dev": true,
      "requires": {
        "accepts": "~1.3.8",
        "array-flatten": "1.1.1",
        "body-parser": "1.20.0",
        "content-disposition": "0.5.4",
        "content-type": "~1.0.4",
        "cookie": "0.5.0",
        "cookie-signature": "1.0.6",
        "debug": "2.6.9",
        "depd": "2.0.0",
        "encodeurl": "~1.0.2",
        "escape-html": "~1.0.3",
        "etag": "~1.8.1",
        "finalhandler": "1.2.0",
        "fresh": "0.5.2",
        "http-errors": "2.0.0",
        "merge-descriptors": "1.0.1",
        "methods": "~1.1.2",
        "on-finished": "2.4.1",
        "parseurl": "~1.3.3",
        "path-to-regexp": "0.1.7",
        "proxy-addr": "~2.0.7",
        "qs": "6.10.3",
        "range-parser": "~1.2.1",
        "safe-buffer": "5.2.1",
        "send": "0.18.0",
        "serve-static": "1.15.0",
        "setprototypeof": "1.2.0",
        "statuses": "2.0.1",
        "type-is": "~1.6.18",
        "utils-merge": "1.0.1",
        "vary": "~1.1.2"
      }
    },
    "filelist": {
      "version": "1.0.4",
      "resolved": "https://artifactory.asurint.net:443/artifactory/api/npm/npm/filelist/-/filelist-1.0.4.tgz",
      "integrity": "sha1-94l4oelEd1/55i50RCTyFeWDUrU=",
      "dev": true,
      "requires": {
        "minimatch": "^5.0.1"
      },
      "dependencies": {
        "minimatch": {
          "version": "5.1.0",
          "resolved": "https://artifactory.asurint.net:443/artifactory/api/npm/npm/minimatch/-/minimatch-5.1.0.tgz",
          "integrity": "sha1-Fxe0ZPSXGxRPaqvo8tC45FEeCcc=",
          "dev": true,
          "requires": {
            "brace-expansion": "^2.0.1"
          }
        }
      }
    },
    "finalhandler": {
      "version": "1.2.0",
      "resolved": "https://artifactory.asurint.net:443/artifactory/api/npm/npm/finalhandler/-/finalhandler-1.2.0.tgz",
      "integrity": "sha1-fSP+VzGyB7RkDk/NAK7B+SB6ezI=",
      "dev": true,
      "requires": {
        "debug": "2.6.9",
        "encodeurl": "~1.0.2",
        "escape-html": "~1.0.3",
        "on-finished": "2.4.1",
        "parseurl": "~1.3.3",
        "statuses": "2.0.1",
        "unpipe": "~1.0.0"
      }
    },
    "forwarded": {
      "version": "0.2.0",
      "resolved": "https://artifactory.asurint.net:443/artifactory/api/npm/npm/forwarded/-/forwarded-0.2.0.tgz",
      "integrity": "sha1-ImmTZCiq1MFcfr6XeahL8LKoGBE=",
      "dev": true
    },
    "fresh": {
      "version": "0.5.2",
      "resolved": "https://artifactory.asurint.net:443/artifactory/api/npm/npm/fresh/-/fresh-0.5.2.tgz",
      "integrity": "sha1-PYyt2Q2XZWn6g1qx+OSyOhBWBac=",
      "dev": true
    },
    "function-bind": {
      "version": "1.1.1",
      "resolved": "https://artifactory.asurint.net:443/artifactory/api/npm/npm/function-bind/-/function-bind-1.1.1.tgz",
      "integrity": "sha1-pWiZ0+o8m6uHS7l3O3xe3pL0iV0=",
      "dev": true
    },
    "get-intrinsic": {
      "version": "1.1.2",
      "resolved": "https://artifactory.asurint.net:443/artifactory/api/npm/npm/get-intrinsic/-/get-intrinsic-1.1.2.tgz",
      "integrity": "sha1-M2l1Ej4FrQt7pB8VLuSq2+ps9Zg=",
      "dev": true,
      "requires": {
        "function-bind": "^1.1.1",
        "has": "^1.0.3",
        "has-symbols": "^1.0.3"
      }
    },
    "has": {
      "version": "1.0.3",
      "resolved": "https://artifactory.asurint.net:443/artifactory/api/npm/npm/has/-/has-1.0.3.tgz",
      "integrity": "sha1-ci18v8H2qoJB8W3YFOAR4fQeh5Y=",
      "dev": true,
      "requires": {
        "function-bind": "^1.1.1"
      }
    },
    "has-flag": {
      "version": "4.0.0",
      "resolved": "https://artifactory.asurint.net:443/artifactory/api/npm/npm/has-flag/-/has-flag-4.0.0.tgz",
      "integrity": "sha1-lEdx/ZyByBJlxNaUGGDaBrtZR5s=",
      "dev": true
    },
    "has-symbols": {
      "version": "1.0.3",
      "resolved": "https://artifactory.asurint.net:443/artifactory/api/npm/npm/has-symbols/-/has-symbols-1.0.3.tgz",
      "integrity": "sha1-u3ssQ0klHc6HsSX3vfh0qnyLOfg=",
      "dev": true
    },
    "http-errors": {
      "version": "2.0.0",
      "resolved": "https://artifactory.asurint.net:443/artifactory/api/npm/npm/http-errors/-/http-errors-2.0.0.tgz",
      "integrity": "sha1-t3dKFIbvc892Z6ya4IWMASxXudM=",
      "dev": true,
      "requires": {
        "depd": "2.0.0",
        "inherits": "2.0.4",
        "setprototypeof": "1.2.0",
        "statuses": "2.0.1",
        "toidentifier": "1.0.1"
      }
    },
    "iconv-lite": {
      "version": "0.4.24",
      "resolved": "https://artifactory.asurint.net:443/artifactory/api/npm/npm/iconv-lite/-/iconv-lite-0.4.24.tgz",
      "integrity": "sha1-ICK0sl+93CHS9SSXSkdKr+czkIs=",
      "dev": true,
      "requires": {
        "safer-buffer": ">= 2.1.2 < 3"
      }
    },
    "ieee754": {
      "version": "1.2.1",
      "resolved": "https://artifactory.asurint.net:443/artifactory/api/npm/npm/ieee754/-/ieee754-1.2.1.tgz",
      "integrity": "sha1-jrehCmP/8l0VpXsAFYbRd9Gw01I=",
      "dev": true
    },
    "inherits": {
      "version": "2.0.4",
      "resolved": "https://artifactory.asurint.net:443/artifactory/api/npm/npm/inherits/-/inherits-2.0.4.tgz",
      "integrity": "sha1-D6LGT5MpF8NDOg3tVTY6rjdBa3w=",
      "dev": true
    },
    "ip": {
      "version": "1.1.8",
      "resolved": "https://artifactory.asurint.net:443/artifactory/api/npm/npm/ip/-/ip-1.1.8.tgz",
      "integrity": "sha1-rgWUj2sHVDXtMweszgRinajNv0g=",
      "dev": true
    },
    "ipaddr.js": {
      "version": "1.9.1",
      "resolved": "https://artifactory.asurint.net:443/artifactory/api/npm/npm/ipaddr.js/-/ipaddr.js-1.9.1.tgz",
      "integrity": "sha1-v/OFQ+64mEglB5/zoqjmy9RngbM=",
      "dev": true
    },
    "jake": {
      "version": "10.8.5",
      "resolved": "https://artifactory.asurint.net:443/artifactory/api/npm/npm/jake/-/jake-10.8.5.tgz",
      "integrity": "sha1-8hg9LFk4LLJ0ImA0VDucA7gWTEY=",
      "dev": true,
      "requires": {
        "async": "^3.2.3",
        "chalk": "^4.0.2",
        "filelist": "^1.0.1",
        "minimatch": "^3.0.4"
      }
    },
    "kareem": {
      "version": "2.3.5",
      "resolved": "https://artifactory.asurint.net:443/artifactory/api/npm/npm/kareem/-/kareem-2.3.5.tgz",
      "integrity": "sha1-ER/p26t1TI7Yi3ojYOJoDOwUIMo=",
      "dev": true
    },
    "media-typer": {
      "version": "0.3.0",
      "resolved": "https://artifactory.asurint.net:443/artifactory/api/npm/npm/media-typer/-/media-typer-0.3.0.tgz",
      "integrity": "sha1-hxDXrwqmJvj/+hzgAWhUUmMlV0g=",
      "dev": true
    },
    "memory-pager": {
      "version": "1.5.0",
      "resolved": "https://artifactory.asurint.net:443/artifactory/api/npm/npm/memory-pager/-/memory-pager-1.5.0.tgz",
      "integrity": "sha1-2HUWVdItOEaCdByXLyw9bfo+ZrU=",
      "dev": true,
      "optional": true
    },
    "merge-descriptors": {
      "version": "1.0.1",
      "resolved": "https://artifactory.asurint.net:443/artifactory/api/npm/npm/merge-descriptors/-/merge-descriptors-1.0.1.tgz",
      "integrity": "sha1-sAqqVW3YtEVoFQ7J0blT8/kMu2E=",
      "dev": true
    },
    "methods": {
      "version": "1.1.2",
      "resolved": "https://artifactory.asurint.net:443/artifactory/api/npm/npm/methods/-/methods-1.1.2.tgz",
      "integrity": "sha1-VSmk1nZUE07cxSZmVoNbD4Ua/O4=",
      "dev": true
    },
    "mime": {
      "version": "1.6.0",
      "resolved": "https://artifactory.asurint.net:443/artifactory/api/npm/npm/mime/-/mime-1.6.0.tgz",
      "integrity": "sha1-Ms2eXGRVO9WNGaVor0Uqz/BJgbE=",
      "dev": true
    },
    "mime-db": {
      "version": "1.52.0",
      "resolved": "https://artifactory.asurint.net:443/artifactory/api/npm/npm/mime-db/-/mime-db-1.52.0.tgz",
      "integrity": "sha1-u6vNwChZ9JhzAchW4zh85exDv3A=",
      "dev": true
    },
    "mime-types": {
      "version": "2.1.35",
      "resolved": "https://artifactory.asurint.net:443/artifactory/api/npm/npm/mime-types/-/mime-types-2.1.35.tgz",
      "integrity": "sha1-OBqHG2KnNEUGYK497uRIE/cNlZo=",
      "dev": true,
      "requires": {
        "mime-db": "1.52.0"
      }
    },
    "minimatch": {
      "version": "3.1.2",
      "resolved": "https://artifactory.asurint.net:443/artifactory/api/npm/npm/minimatch/-/minimatch-3.1.2.tgz",
      "integrity": "sha1-Gc0ZS/0+Qo8EmnCBfAONiatL41s=",
      "dev": true,
      "requires": {
        "brace-expansion": "^1.1.7"
      },
      "dependencies": {
        "brace-expansion": {
          "version": "1.1.11",
          "resolved": "https://artifactory.asurint.net:443/artifactory/api/npm/npm/brace-expansion/-/brace-expansion-1.1.11.tgz",
          "integrity": "sha1-PH/L9SnYcibz0vUrlm/1Jx60Qd0=",
          "dev": true,
          "requires": {
            "balanced-match": "^1.0.0",
            "concat-map": "0.0.1"
          }
        }
      }
    },
    "mongodb": {
      "version": "4.5.0",
      "resolved": "https://artifactory.asurint.net:443/artifactory/api/npm/npm/mongodb/-/mongodb-4.5.0.tgz",
      "integrity": "sha1-10wgCFZ7YG3M7yIPYqRM17k065I=",
      "dev": true,
      "requires": {
        "bson": "^4.6.2",
        "denque": "^2.0.1",
        "mongodb-connection-string-url": "^2.5.2",
        "saslprep": "^1.0.3",
        "socks": "^2.6.2"
      }
    },
    "mongodb-connection-string-url": {
      "version": "2.5.2",
      "resolved": "https://artifactory.asurint.net:443/artifactory/api/npm/npm/mongodb-connection-string-url/-/mongodb-connection-string-url-2.5.2.tgz",
      "integrity": "sha1-8HXI1Sno05FjhgGLijlq7U8W5e0=",
      "dev": true,
      "requires": {
        "@types/whatwg-url": "^8.2.1",
        "whatwg-url": "^11.0.0"
      }
    },
    "mongoose": {
      "version": "6.3.6",
      "resolved": "https://artifactory.asurint.net:443/artifactory/api/npm/npm/mongoose/-/mongoose-6.3.6.tgz",
      "integrity": "sha1-oOD6P4enjTkNnShqw/Xxagx8d28=",
      "dev": true,
      "requires": {
        "bson": "^4.6.2",
        "kareem": "2.3.5",
        "mongodb": "4.5.0",
        "mpath": "0.9.0",
        "mquery": "4.0.3",
        "ms": "2.1.3",
        "sift": "16.0.0"
      },
      "dependencies": {
        "ms": {
          "version": "2.1.3",
          "resolved": "https://artifactory.asurint.net:443/artifactory/api/npm/npm/ms/-/ms-2.1.3.tgz",
          "integrity": "sha1-V0yBOM4dK1hh8LRFedut1gxmFbI=",
          "dev": true
        }
      }
    },
    "mpath": {
      "version": "0.9.0",
      "resolved": "https://artifactory.asurint.net:443/artifactory/api/npm/npm/mpath/-/mpath-0.9.0.tgz",
      "integrity": "sha1-DBIv4QeEbjH8WMdbCcNVFLOHGQQ=",
      "dev": true
    },
    "mquery": {
      "version": "4.0.3",
      "resolved": "https://artifactory.asurint.net:443/artifactory/api/npm/npm/mquery/-/mquery-4.0.3.tgz",
      "integrity": "sha1-TRX5OOYkfXc6lCyRLZdIvRll+J0=",
      "dev": true,
      "requires": {
        "debug": "4.x"
      },
      "dependencies": {
        "debug": {
          "version": "4.3.4",
          "resolved": "https://artifactory.asurint.net:443/artifactory/api/npm/npm/debug/-/debug-4.3.4.tgz",
          "integrity": "sha1-Exn2V5NX8jONMzfSzdSRS7XcyGU=",
          "dev": true,
          "requires": {
            "ms": "2.1.2"
          }
        },
        "ms": {
          "version": "2.1.2",
          "resolved": "https://artifactory.asurint.net:443/artifactory/api/npm/npm/ms/-/ms-2.1.2.tgz",
          "integrity": "sha1-0J0fNXtEP0kzgqjrPM0YOHKuYAk=",
          "dev": true
        }
      }
    },
    "ms": {
      "version": "2.0.0",
      "resolved": "https://artifactory.asurint.net:443/artifactory/api/npm/npm/ms/-/ms-2.0.0.tgz",
      "integrity": "sha1-VgiurfwAvmwpAd9fmGF4jeDVl8g=",
      "dev": true
    },
    "negotiator": {
      "version": "0.6.3",
      "resolved": "https://artifactory.asurint.net:443/artifactory/api/npm/npm/negotiator/-/negotiator-0.6.3.tgz",
      "integrity": "sha1-WOMjpy/twNb5zU0x/kn1FHlZDM0=",
      "dev": true
    },
    "object-inspect": {
      "version": "1.12.2",
      "resolved": "https://artifactory.asurint.net:443/artifactory/api/npm/npm/object-inspect/-/object-inspect-1.12.2.tgz",
      "integrity": "sha1-wGQfJjlFMvKKuNeWq5VOQ8AJqOo=",
      "dev": true
    },
    "on-finished": {
      "version": "2.4.1",
      "resolved": "https://artifactory.asurint.net:443/artifactory/api/npm/npm/on-finished/-/on-finished-2.4.1.tgz",
      "integrity": "sha1-WMjEQRblSEWtV/FKsQsDUzGErD8=",
      "dev": true,
      "requires": {
        "ee-first": "1.1.1"
      }
    },
    "parseurl": {
      "version": "1.3.3",
      "resolved": "https://artifactory.asurint.net:443/artifactory/api/npm/npm/parseurl/-/parseurl-1.3.3.tgz",
      "integrity": "sha1-naGee+6NEt/wUT7Vt2lXeTvC6NQ=",
      "dev": true
    },
    "path-to-regexp": {
      "version": "0.1.7",
      "resolved": "https://artifactory.asurint.net:443/artifactory/api/npm/npm/path-to-regexp/-/path-to-regexp-0.1.7.tgz",
      "integrity": "sha1-32BBeABfUi8V60SQ5yR6G/qmf4w=",
      "dev": true
    },
    "proxy-addr": {
      "version": "2.0.7",
      "resolved": "https://artifactory.asurint.net:443/artifactory/api/npm/npm/proxy-addr/-/proxy-addr-2.0.7.tgz",
      "integrity": "sha1-8Z/mnOqzEe65S0LnDowgcPm6ECU=",
      "dev": true,
      "requires": {
        "forwarded": "0.2.0",
        "ipaddr.js": "1.9.1"
      }
    },
    "punycode": {
      "version": "2.1.1",
      "resolved": "https://artifactory.asurint.net:443/artifactory/api/npm/npm/punycode/-/punycode-2.1.1.tgz",
      "integrity": "sha1-tYsBCsQMIsVldhbI0sLALHv0eew=",
      "dev": true
    },
    "qs": {
      "version": "6.10.3",
      "resolved": "https://artifactory.asurint.net:443/artifactory/api/npm/npm/qs/-/qs-6.10.3.tgz",
      "integrity": "sha1-1s3hsv/Kh7WqV4iYFsX4FTXiLo4=",
      "dev": true,
      "requires": {
        "side-channel": "^1.0.4"
      }
    },
    "range-parser": {
      "version": "1.2.1",
      "resolved": "https://artifactory.asurint.net:443/artifactory/api/npm/npm/range-parser/-/range-parser-1.2.1.tgz",
      "integrity": "sha1-PPNwI9GZ4cJNGlW4SADC8+ZGgDE=",
      "dev": true
    },
    "raw-body": {
      "version": "2.5.1",
      "resolved": "https://artifactory.asurint.net:443/artifactory/api/npm/npm/raw-body/-/raw-body-2.5.1.tgz",
      "integrity": "sha1-/hsWKLGBtwAhXl/UI4n5i3E5KFc=",
      "dev": true,
      "requires": {
        "bytes": "3.1.2",
        "http-errors": "2.0.0",
        "iconv-lite": "0.4.24",
        "unpipe": "1.0.0"
      }
    },
    "safe-buffer": {
      "version": "5.2.1",
      "resolved": "https://artifactory.asurint.net:443/artifactory/api/npm/npm/safe-buffer/-/safe-buffer-5.2.1.tgz",
      "integrity": "sha1-Hq+fqb2x/dTsdfWPnNtOa3gn7sY=",
      "dev": true
    },
    "safer-buffer": {
      "version": "2.1.2",
      "resolved": "https://artifactory.asurint.net:443/artifactory/api/npm/npm/safer-buffer/-/safer-buffer-2.1.2.tgz",
      "integrity": "sha1-RPoWGwGHuVSd2Eu5GAL5vYOFzWo=",
      "dev": true
    },
    "saslprep": {
      "version": "1.0.3",
      "resolved": "https://artifactory.asurint.net:443/artifactory/api/npm/npm/saslprep/-/saslprep-1.0.3.tgz",
      "integrity": "sha1-TAL5RrVs9UKX40e6EJPnrKxM8iY=",
      "dev": true,
      "optional": true,
      "requires": {
        "sparse-bitfield": "^3.0.3"
      }
    },
    "send": {
      "version": "0.18.0",
      "resolved": "https://artifactory.asurint.net:443/artifactory/api/npm/npm/send/-/send-0.18.0.tgz",
      "integrity": "sha1-ZwFnzGVLBfWqSnZ/kRO7NxvHBr4=",
      "dev": true,
      "requires": {
        "debug": "2.6.9",
        "depd": "2.0.0",
        "destroy": "1.2.0",
        "encodeurl": "~1.0.2",
        "escape-html": "~1.0.3",
        "etag": "~1.8.1",
        "fresh": "0.5.2",
        "http-errors": "2.0.0",
        "mime": "1.6.0",
        "ms": "2.1.3",
        "on-finished": "2.4.1",
        "range-parser": "~1.2.1",
        "statuses": "2.0.1"
      },
      "dependencies": {
        "ms": {
          "version": "2.1.3",
          "resolved": "https://artifactory.asurint.net:443/artifactory/api/npm/npm/ms/-/ms-2.1.3.tgz",
          "integrity": "sha1-V0yBOM4dK1hh8LRFedut1gxmFbI=",
          "dev": true
        }
      }
    },
    "serve-static": {
      "version": "1.15.0",
      "resolved": "https://artifactory.asurint.net:443/artifactory/api/npm/npm/serve-static/-/serve-static-1.15.0.tgz",
      "integrity": "sha1-+q7wjP/goaYvYMrQxOUTz/CslUA=",
      "dev": true,
      "requires": {
        "encodeurl": "~1.0.2",
        "escape-html": "~1.0.3",
        "parseurl": "~1.3.3",
        "send": "0.18.0"
      }
    },
    "setprototypeof": {
      "version": "1.2.0",
      "resolved": "https://artifactory.asurint.net:443/artifactory/api/npm/npm/setprototypeof/-/setprototypeof-1.2.0.tgz",
      "integrity": "sha1-ZsmiSnP5/CjL5msJ/tPTPcrxtCQ=",
      "dev": true
    },
    "side-channel": {
      "version": "1.0.4",
      "resolved": "https://artifactory.asurint.net:443/artifactory/api/npm/npm/side-channel/-/side-channel-1.0.4.tgz",
      "integrity": "sha1-785cj9wQTudRslxY1CkAEfpeos8=",
      "dev": true,
      "requires": {
        "call-bind": "^1.0.0",
        "get-intrinsic": "^1.0.2",
        "object-inspect": "^1.9.0"
      }
    },
    "sift": {
      "version": "16.0.0",
      "resolved": "https://artifactory.asurint.net:443/artifactory/api/npm/npm/sift/-/sift-16.0.0.tgz",
      "integrity": "sha1-RHmRV322HxqPq3J6ipim21eiPrg=",
      "dev": true
    },
    "smart-buffer": {
      "version": "4.2.0",
      "resolved": "https://artifactory.asurint.net:443/artifactory/api/npm/npm/smart-buffer/-/smart-buffer-4.2.0.tgz",
      "integrity": "sha1-bh1x+k8YwF99D/IW3RakgdDo2a4=",
      "dev": true
    },
    "socks": {
      "version": "2.6.2",
      "resolved": "https://artifactory.asurint.net:443/artifactory/api/npm/npm/socks/-/socks-2.6.2.tgz",
      "integrity": "sha1-7AQteWAHPUDZQmj/O7cn3GhfERo=",
      "dev": true,
      "requires": {
        "ip": "^1.1.5",
        "smart-buffer": "^4.2.0"
      }
    },
    "sparse-bitfield": {
      "version": "3.0.3",
      "resolved": "https://artifactory.asurint.net:443/artifactory/api/npm/npm/sparse-bitfield/-/sparse-bitfield-3.0.3.tgz",
      "integrity": "sha1-/0rm5oZWBWuks+eSqzM004JzyhE=",
      "dev": true,
      "optional": true,
      "requires": {
        "memory-pager": "^1.0.2"
      }
    },
    "statuses": {
      "version": "2.0.1",
      "resolved": "https://artifactory.asurint.net:443/artifactory/api/npm/npm/statuses/-/statuses-2.0.1.tgz",
      "integrity": "sha1-VcsADM8dSHKL0jxoWgY5mM8aG2M=",
      "dev": true
    },
    "supports-color": {
      "version": "7.2.0",
      "resolved": "https://artifactory.asurint.net:443/artifactory/api/npm/npm/supports-color/-/supports-color-7.2.0.tgz",
      "integrity": "sha1-G33NyzK4E4gBs+R4umpRyqiWSNo=",
      "dev": true,
      "requires": {
        "has-flag": "^4.0.0"
      }
    },
    "toidentifier": {
      "version": "1.0.1",
      "resolved": "https://artifactory.asurint.net:443/artifactory/api/npm/npm/toidentifier/-/toidentifier-1.0.1.tgz",
      "integrity": "sha1-O+NDIaiKgg7RvYDfqjPkefu43TU=",
      "dev": true
    },
    "tr46": {
      "version": "3.0.0",
      "resolved": "https://artifactory.asurint.net:443/artifactory/api/npm/npm/tr46/-/tr46-3.0.0.tgz",
      "integrity": "sha1-VVxOKXqVBhfo7t3vYzyH1NnWy/k=",
      "dev": true,
      "requires": {
        "punycode": "^2.1.1"
      }
    },
    "type-is": {
      "version": "1.6.18",
      "resolved": "https://artifactory.asurint.net:443/artifactory/api/npm/npm/type-is/-/type-is-1.6.18.tgz",
      "integrity": "sha1-TlUs0F3wlGfcvE73Od6J8s83wTE=",
      "dev": true,
      "requires": {
        "media-typer": "0.3.0",
        "mime-types": "~2.1.24"
      }
    },
    "unpipe": {
      "version": "1.0.0",
      "resolved": "https://artifactory.asurint.net:443/artifactory/api/npm/npm/unpipe/-/unpipe-1.0.0.tgz",
      "integrity": "sha1-sr9O6FFKrmFltIF4KdIbLvSZBOw=",
      "dev": true
    },
    "utils-merge": {
      "version": "1.0.1",
      "resolved": "https://artifactory.asurint.net:443/artifactory/api/npm/npm/utils-merge/-/utils-merge-1.0.1.tgz",
      "integrity": "sha1-n5VxD1CiZ5R7LMwSR0HBAoQn5xM=",
      "dev": true
    },
    "vary": {
      "version": "1.1.2",
      "resolved": "https://artifactory.asurint.net:443/artifactory/api/npm/npm/vary/-/vary-1.1.2.tgz",
      "integrity": "sha1-IpnwLG3tMNSllhsLn3RSShj2NPw=",
      "dev": true
    },
    "webidl-conversions": {
      "version": "7.0.0",
      "resolved": "https://artifactory.asurint.net:443/artifactory/api/npm/npm/webidl-conversions/-/webidl-conversions-7.0.0.tgz",
      "integrity": "sha1-JWtOGIK+feu/AdBfCqIDl3jqCAo=",
      "dev": true
    },
    "whatwg-url": {
      "version": "11.0.0",
      "resolved": "https://artifactory.asurint.net:443/artifactory/api/npm/npm/whatwg-url/-/whatwg-url-11.0.0.tgz",
      "integrity": "sha1-CoSe67X68hGbkBu3b9eVwoSNQBg=",
      "dev": true,
      "requires": {
        "tr46": "^3.0.0",
        "webidl-conversions": "^7.0.0"
      }
    }
  }
}
